{
  "name": "03-ejemplo",
  "version": "1.0.0",
  "lockfileVersion": 1,
  "requires": true,
  "dependencies": {
    "mipaqueteccinettocoderhouse": {
      "version": "1.0.1",
      "resolved": "https://registry.npmjs.org/mipaqueteccinettocoderhouse/-/mipaqueteccinettocoderhouse-1.0.1.tgz",
      "integrity": "sha512-rprREuYMVI+2nlW0E1Td/AnpNMu3vE9o832vX6yNrX4MlzhunfMaigL7/A/FgYD5hmLAA58PK1AAJgFpml+A8A=="
    }
  }
}
